{
  "name": "floor-walkable",
  "version": "1.0.0",
  "lockfileVersion": 1,
  "dependencies": {
    "hxdaedalus-js": {
      "version": "1.0.1",
      "resolved": "https://registry.npmjs.org/hxdaedalus-js/-/hxdaedalus-js-1.0.1.tgz",
      "integrity": "sha1-ehnwVUnOBqjaRGikt8JY4c8wnWk="
    },
    "js-polygonal": {
      "version": "1.0.2",
      "resolved": "https://registry.npmjs.org/js-polygonal/-/js-polygonal-1.0.2.tgz",
      "integrity": "sha1-hSU17bvzR0jTm24hAYNypo6LXfo="
    },
    "walkable": {
      "version": "1.0.3",
      "resolved": "https://registry.npmjs.org/walkable/-/walkable-1.0.3.tgz",
      "integrity": "sha1-gRhzsP1zOvzIh7xNzqnw589k2hQ="
    },
    "world-walkable": {
      "version": "1.0.5",
      "resolved": "https://registry.npmjs.org/world-walkable/-/world-walkable-1.0.5.tgz",
      "integrity": "sha512-RC4k24kM5TLSYGOGB9BEHUTHkb04ommqxnp4VGZqZ7F4yQ8L6Wcu0zErK381r95MwXLcY4TDm8UmZzLUm68ysw=="
    }
  }
}
